// !$*UTF8*$!
{
	archiveVersion = 1;
	classes = {
	};
	objectVersion = 56;
	objects = {

/* Begin PBXBuildFile section */
		828AAC9A2A5659F800E823BF /* AppDelegate.swift in Sources */ = {isa = PBXBuildFile; fileRef = 828AAC992A5659F800E823BF /* AppDelegate.swift */; };
		828AAC9C2A5659F800E823BF /* SceneDelegate.swift in Sources */ = {isa = PBXBuildFile; fileRef = 828AAC9B2A5659F800E823BF /* SceneDelegate.swift */; };
		828AAC9E2A5659F800E823BF /* ViewController.swift in Sources */ = {isa = PBXBuildFile; fileRef = 828AAC9D2A5659F800E823BF /* ViewController.swift */; };
		828AACA12A5659F800E823BF /* Main.storyboard in Resources */ = {isa = PBXBuildFile; fileRef = 828AAC9F2A5659F800E823BF /* Main.storyboard */; };
		828AACA32A5659F800E823BF /* Assets.xcassets in Resources */ = {isa = PBXBuildFile; fileRef = 828AACA22A5659F800E823BF /* Assets.xcassets */; };
		828AACA62A5659F800E823BF /* LaunchScreen.storyboard in Resources */ = {isa = PBXBuildFile; fileRef = 828AACA42A5659F800E823BF /* LaunchScreen.storyboard */; };
		828AACB12A5659F800E823BF /* picker_viewTests.swift in Sources */ = {isa = PBXBuildFile; fileRef = 828AACB02A5659F800E823BF /* picker_viewTests.swift */; };
		828AACBB2A5659F800E823BF /* picker_viewUITests.swift in Sources */ = {isa = PBXBuildFile; fileRef = 828AACBA2A5659F800E823BF /* picker_viewUITests.swift */; };
		828AACBD2A5659F800E823BF /* picker_viewUITestsLaunchTests.swift in Sources */ = {isa = PBXBuildFile; fileRef = 828AACBC2A5659F800E823BF /* picker_viewUITestsLaunchTests.swift */; };
/* End PBXBuildFile section */

/* Begin PBXContainerItemProxy section */
		828AACAD2A5659F800E823BF /* PBXContainerItemProxy */ = {
			isa = PBXContainerItemProxy;
			containerPortal = 828AAC8E2A5659F800E823BF /* Project object */;
			proxyType = 1;
			remoteGlobalIDString = 828AAC952A5659F800E823BF;
			remoteInfo = picker_view;
		};
		828AACB72A5659F800E823BF /* PBXContainerItemProxy */ = {
			isa = PBXContainerItemProxy;
			containerPortal = 828AAC8E2A5659F800E823BF /* Project object */;
			proxyType = 1;
			remoteGlobalIDString = 828AAC952A5659F800E823BF;
			remoteInfo = picker_view;
		};
/* End PBXContainerItemProxy section */

/* Begin PBXFileReference section */
		828AAC962A5659F800E823BF /* picker_view.app */ = {isa = PBXFileReference; explicitFileType = wrapper.application; includeInIndex = 0; path = picker_view.app; sourceTree = BUILT_PRODUCTS_DIR; };
		828AAC992A5659F800E823BF /* AppDelegate.swift */ = {isa = PBXFileReference; lastKnownFileType = sourcecode.swift; path = AppDelegate.swift; sourceTree = "<group>"; };
		828AAC9B2A5659F800E823BF /* SceneDelegate.swift */ = {isa = PBXFileReference; lastKnownFileType = sourcecode.swift; path = SceneDelegate.swift; sourceTree = "<group>"; };
		828AAC9D2A5659F800E823BF /* ViewController.swift */ = {isa = PBXFileReference; lastKnownFileType = sourcecode.swift; path = ViewController.swift; sourceTree = "<group>"; };
		828AACA02A5659F800E823BF /* Base */ = {isa = PBXFileReference; lastKnownFileType = file.storyboard; name = Base; path = Base.lproj/Main.storyboard; sourceTree = "<group>"; };
		828AACA22A5659F800E823BF /* Assets.xcassets */ = {isa = PBXFileReference; lastKnownFileType = folder.assetcatalog; path = Assets.xcassets; sourceTree = "<group>"; };
		828AACA52A5659F800E823BF /* Base */ = {isa = PBXFileReference; lastKnownFileType = file.storyboard; name = Base; path = Base.lproj/LaunchScreen.storyboard; sourceTree = "<group>"; };
		828AACA72A5659F800E823BF /* Info.plist */ = {isa = PBXFileReference; lastKnownFileType = text.plist.xml; path = Info.plist; sourceTree = "<group>"; };
		828AACAC2A5659F800E823BF /* picker_viewTests.xctest */ = {isa = PBXFileReference; explicitFileType = wrapper.cfbundle; includeInIndex = 0; path = picker_viewTests.xctest; sourceTree = BUILT_PRODUCTS_DIR; };
		828AACB02A5659F800E823BF /* picker_viewTests.swift */ = {isa = PBXFileReference; lastKnownFileType = sourcecode.swift; path = picker_viewTests.swift; sourceTree = "<group>"; };
		828AACB62A5659F800E823BF /* picker_viewUITests.xctest */ = {isa = PBXFileReference; explicitFileType = wrapper.cfbundle; includeInIndex = 0; path = picker_viewUITests.xctest; sourceTree = BUILT_PRODUCTS_DIR; };
		828AACBA2A5659F800E823BF /* picker_viewUITests.swift */ = {isa = PBXFileReference; lastKnownFileType = sourcecode.swift; path = picker_viewUITests.swift; sourceTree = "<group>"; };
		828AACBC2A5659F800E823BF /* picker_viewUITestsLaunchTests.swift */ = {isa = PBXFileReference; lastKnownFileType = sourcecode.swift; path = picker_viewUITestsLaunchTests.swift; sourceTree = "<group>"; };
/* End PBXFileReference section */

/* Begin PBXFrameworksBuildPhase section */
		828AAC932A5659F800E823BF /* Frameworks */ = {
			isa = PBXFrameworksBuildPhase;
			buildActionMask = 2147483647;
			files = (
			);
			runOnlyForDeploymentPostprocessing = 0;
		};
		828AACA92A5659F800E823BF /* Frameworks */ = {
			isa = PBXFrameworksBuildPhase;
			buildActionMask = 2147483647;
			files = (
			);
			runOnlyForDeploymentPostprocessing = 0;
		};
		828AACB32A5659F800E823BF /* Frameworks */ = {
			isa = PBXFrameworksBuildPhase;
			buildActionMask = 2147483647;
			files = (
			);
			runOnlyForDeploymentPostprocessing = 0;
		};
/* End PBXFrameworksBuildPhase section */

/* Begin PBXGroup section */
		828AAC8D2A5659F800E823BF = {
			isa = PBXGroup;
			children = (
				828AAC982A5659F800E823BF /* picker_view */,
				828AACAF2A5659F800E823BF /* picker_viewTests */,
				828AACB92A5659F800E823BF /* picker_viewUITests */,
				828AAC972A5659F800E823BF /* Products */,
			);
			sourceTree = "<group>";
		};
		828AAC972A5659F800E823BF /* Products */ = {
			isa = PBXGroup;
			children = (
				828AAC962A5659F800E823BF /* picker_view.app */,
				828AACAC2A5659F800E823BF /* picker_viewTests.xctest */,
				828AACB62A5659F800E823BF /* picker_viewUITests.xctest */,
			);
			name = Products;
			sourceTree = "<group>";
		};
		828AAC982A5659F800E823BF /* picker_view */ = {
			isa = PBXGroup;
			children = (
				828AAC992A5659F800E823BF /* AppDelegate.swift */,
				828AAC9B2A5659F800E823BF /* SceneDelegate.swift */,
				828AAC9D2A5659F800E823BF /* ViewController.swift */,
				828AAC9F2A5659F800E823BF /* Main.storyboard */,
				828AACA22A5659F800E823BF /* Assets.xcassets */,
				828AACA42A5659F800E823BF /* LaunchScreen.storyboard */,
				828AACA72A5659F800E823BF /* Info.plist */,
			);
			path = picker_view;
			sourceTree = "<group>";
		};
		828AACAF2A5659F800E823BF /* picker_viewTests */ = {
			isa = PBXGroup;
			children = (
				828AACB02A5659F800E823BF /* picker_viewTests.swift */,
			);
			path = picker_viewTests;
			sourceTree = "<group>";
		};
		828AACB92A5659F800E823BF /* picker_viewUITests */ = {
			isa = PBXGroup;
			children = (
				828AACBA2A5659F800E823BF /* picker_viewUITests.swift */,
				828AACBC2A5659F800E823BF /* picker_viewUITestsLaunchTests.swift */,
			);
			path = picker_viewUITests;
			sourceTree = "<group>";
		};
/* End PBXGroup section */

/* Begin PBXNativeTarget section */
		828AAC952A5659F800E823BF /* picker_view */ = {
			isa = PBXNativeTarget;
			buildConfigurationList = 828AACC02A5659F800E823BF /* Build configuration list for PBXNativeTarget "picker_view" */;
			buildPhases = (
				828AAC922A5659F800E823BF /* Sources */,
				828AAC932A5659F800E823BF /* Frameworks */,
				828AAC942A5659F800E823BF /* Resources */,
			);
			buildRules = (
			);
			dependencies = (
			);
			name = picker_view;
			productName = picker_view;
			productReference = 828AAC962A5659F800E823BF /* picker_view.app */;
			productType = "com.apple.product-type.application";
		};
		828AACAB2A5659F800E823BF /* picker_viewTests */ = {
			isa = PBXNativeTarget;
			buildConfigurationList = 828AACC32A5659F800E823BF /* Build configuration list for PBXNativeTarget "picker_viewTests" */;
			buildPhases = (
				828AACA82A5659F800E823BF /* Sources */,
				828AACA92A5659F800E823BF /* Frameworks */,
				828AACAA2A5659F800E823BF /* Resources */,
			);
			buildRules = (
			);
			dependencies = (
				828AACAE2A5659F800E823BF /* PBXTargetDependency */,
			);
			name = picker_viewTests;
			productName = picker_viewTests;
			productReference = 828AACAC2A5659F800E823BF /* picker_viewTests.xctest */;
			productType = "com.apple.product-type.bundle.unit-test";
		};
		828AACB52A5659F800E823BF /* picker_viewUITests */ = {
			isa = PBXNativeTarget;
			buildConfigurationList = 828AACC62A5659F800E823BF /* Build configuration list for PBXNativeTarget "picker_viewUITests" */;
			buildPhases = (
				828AACB22A5659F800E823BF /* Sources */,
				828AACB32A5659F800E823BF /* Frameworks */,
				828AACB42A5659F800E823BF /* Resources */,
			);
			buildRules = (
			);
			dependencies = (
				828AACB82A5659F800E823BF /* PBXTargetDependency */,
			);
			name = picker_viewUITests;
			productName = picker_viewUITests;
			productReference = 828AACB62A5659F800E823BF /* picker_viewUITests.xctest */;
			productType = "com.apple.product-type.bundle.ui-testing";
		};
/* End PBXNativeTarget section */

/* Begin PBXProject section */
		828AAC8E2A5659F800E823BF /* Project object */ = {
			isa = PBXProject;
			attributes = {
				BuildIndependentTargetsInParallel = 1;
				LastSwiftUpdateCheck = 1430;
				LastUpgradeCheck = 1430;
				TargetAttributes = {
					828AAC952A5659F800E823BF = {
						CreatedOnToolsVersion = 14.3.1;
					};
					828AACAB2A5659F800E823BF = {
						CreatedOnToolsVersion = 14.3.1;
						TestTargetID = 828AAC952A5659F800E823BF;
					};
					828AACB52A5659F800E823BF = {
						CreatedOnToolsVersion = 14.3.1;
						TestTargetID = 828AAC952A5659F800E823BF;
					};
				};
			};
			buildConfigurationList = 828AAC912A5659F800E823BF /* Build configuration list for PBXProject "picker_view" */;
			compatibilityVersion = "Xcode 14.0";
			developmentRegion = en;
			hasScannedForEncodings = 0;
			knownRegions = (
				en,
				Base,
			);
			mainGroup = 828AAC8D2A5659F800E823BF;
			productRefGroup = 828AAC972A5659F800E823BF /* Products */;
			projectDirPath = "";
			projectRoot = "";
			targets = (
				828AAC952A5659F800E823BF /* picker_view */,
				828AACAB2A5659F800E823BF /* picker_viewTests */,
				828AACB52A5659F800E823BF /* picker_viewUITests */,
			);
		};
/* End PBXProject section */

/* Begin PBXResourcesBuildPhase section */
		828AAC942A5659F800E823BF /* Resources */ = {
			isa = PBXResourcesBuildPhase;
			buildActionMask = 2147483647;
			files = (
				828AACA62A5659F800E823BF /* LaunchScreen.storyboard in Resources */,
				828AACA32A5659F800E823BF /* Assets.xcassets in Resources */,
				828AACA12A5659F800E823BF /* Main.storyboard in Resources */,
			);
			runOnlyForDeploymentPostprocessing = 0;
		};
		828AACAA2A5659F800E823BF /* Resources */ = {
			isa = PBXResourcesBuildPhase;
			buildActionMask = 2147483647;
			files = (
			);
			runOnlyForDeploymentPostprocessing = 0;
		};
		828AACB42A5659F800E823BF /* Resources */ = {
			isa = PBXResourcesBuildPhase;
			buildActionMask = 2147483647;
			files = (
			);
			runOnlyForDeploymentPostprocessing = 0;
		};
/* End PBXResourcesBuildPhase section */

/* Begin PBXSourcesBuildPhase section */
		828AAC922A5659F800E823BF /* Sources */ = {
			isa = PBXSourcesBuildPhase;
			buildActionMask = 2147483647;
			files = (
				828AAC9E2A5659F800E823BF /* ViewController.swift in Sources */,
				828AAC9A2A5659F800E823BF /* AppDelegate.swift in Sources */,
				828AAC9C2A5659F800E823BF /* SceneDelegate.swift in Sources */,
			);
			runOnlyForDeploymentPostprocessing = 0;
		};
		828AACA82A5659F800E823BF /* Sources */ = {
			isa = PBXSourcesBuildPhase;
			buildActionMask = 2147483647;
			files = (
				828AACB12A5659F800E823BF /* picker_viewTests.swift in Sources */,
			);
			runOnlyForDeploymentPostprocessing = 0;
		};
		828AACB22A5659F800E823BF /* Sources */ = {
			isa = PBXSourcesBuildPhase;
			buildActionMask = 2147483647;
			files = (
				828AACBB2A5659F800E823BF /* picker_viewUITests.swift in Sources */,
				828AACBD2A5659F800E823BF /* picker_viewUITestsLaunchTests.swift in Sources */,
			);
			runOnlyForDeploymentPostprocessing = 0;
		};
/* End PBXSourcesBuildPhase section */

/* Begin PBXTargetDependency section */
		828AACAE2A5659F800E823BF /* PBXTargetDependency */ = {
			isa = PBXTargetDependency;
			target = 828AAC952A5659F800E823BF /* picker_view */;
			targetProxy = 828AACAD2A5659F800E823BF /* PBXContainerItemProxy */;
		};
		828AACB82A5659F800E823BF /* PBXTargetDependency */ = {
			isa = PBXTargetDependency;
			target = 828AAC952A5659F800E823BF /* picker_view */;
			targetProxy = 828AACB72A5659F800E823BF /* PBXContainerItemProxy */;
		};
/* End PBXTargetDependency section */

/* Begin PBXVariantGroup section */
		828AAC9F2A5659F800E823BF /* Main.storyboard */ = {
			isa = PBXVariantGroup;
			children = (
				828AACA02A5659F800E823BF /* Base */,
			);
			name = Main.storyboard;
			sourceTree = "<group>";
		};
		828AACA42A5659F800E823BF /* LaunchScreen.storyboard */ = {
			isa = PBXVariantGroup;
			children = (
				828AACA52A5659F800E823BF /* Base */,
			);
			name = LaunchScreen.storyboard;
			sourceTree = "<group>";
		};
/* End PBXVariantGroup section */

/* Begin XCBuildConfiguration section */
		828AACBE2A5659F800E823BF /* Debug */ = {
			isa = XCBuildConfiguration;
			buildSettings = {
				ALWAYS_SEARCH_USER_PATHS = NO;
				CLANG_ANALYZER_NONNULL = YES;
				CLANG_ANALYZER_NUMBER_OBJECT_CONVERSION = YES_AGGRESSIVE;
				CLANG_CXX_LANGUAGE_STANDARD = "gnu++20";
				CLANG_ENABLE_MODULES = YES;
				CLANG_ENABLE_OBJC_ARC = YES;
				CLANG_ENABLE_OBJC_WEAK = YES;
				CLANG_WARN_BLOCK_CAPTURE_AUTORELEASING = YES;
				CLANG_WARN_BOOL_CONVERSION = YES;
				CLANG_WARN_COMMA = YES;
				CLANG_WARN_CONSTANT_CONVERSION = YES;
				CLANG_WARN_DEPRECATED_OBJC_IMPLEMENTATIONS = YES;
				CLANG_WARN_DIRECT_OBJC_ISA_USAGE = YES_ERROR;
				CLANG_WARN_DOCUMENTATION_COMMENTS = YES;
				CLANG_WARN_EMPTY_BODY = YES;
				CLANG_WARN_ENUM_CONVERSION = YES;
				CLANG_WARN_INFINITE_RECURSION = YES;
				CLANG_WARN_INT_CONVERSION = YES;
				CLANG_WARN_NON_LITERAL_NULL_CONVERSION = YES;
				CLANG_WARN_OBJC_IMPLICIT_RETAIN_SELF = YES;
				CLANG_WARN_OBJC_LITERAL_CONVERSION = YES;
				CLANG_WARN_OBJC_ROOT_CLASS = YES_ERROR;
				CLANG_WARN_QUOTED_INCLUDE_IN_FRAMEWORK_HEADER = YES;
				CLANG_WARN_RANGE_LOOP_ANALYSIS = YES;
				CLANG_WARN_STRICT_PROTOTYPES = YES;
				CLANG_WARN_SUSPICIOUS_MOVE = YES;
				CLANG_WARN_UNGUARDED_AVAILABILITY = YES_AGGRESSIVE;
				CLANG_WARN_UNREACHABLE_CODE = YES;
				CLANG_WARN__DUPLICATE_METHOD_MATCH = YES;
				COPY_PHASE_STRIP = NO;
				DEBUG_INFORMATION_FORMAT = dwarf;
				ENABLE_STRICT_OBJC_MSGSEND = YES;
				ENABLE_TESTABILITY = YES;
				GCC_C_LANGUAGE_STANDARD = gnu11;
				GCC_DYNAMIC_NO_PIC = NO;
				GCC_NO_COMMON_BLOCKS = YES;
				GCC_OPTIMIZATION_LEVEL = 0;
				GCC_PREPROCESSOR_DEFINITIONS = (
					"DEBUG=1",
					"$(inherited)",
				);
				GCC_WARN_64_TO_32_BIT_CONVERSION = YES;
				GCC_WARN_ABOUT_RETURN_TYPE = YES_ERROR;
				GCC_WARN_UNDECLARED_SELECTOR = YES;
				GCC_WARN_UNINITIALIZED_AUTOS = YES_AGGRESSIVE;
				GCC_WARN_UNUSED_FUNCTION = YES;
				GCC_WARN_UNUSED_VARIABLE = YES;
				IPHONEOS_DEPLOYMENT_TARGET = 16.4;
				MTL_ENABLE_DEBUG_INFO = INCLUDE_SOURCE;
				MTL_FAST_MATH = YES;
				ONLY_ACTIVE_ARCH = YES;
				SDKROOT = iphoneos;
				SWIFT_ACTIVE_COMPILATION_CONDITIONS = DEBUG;
				SWIFT_OPTIMIZATION_LEVEL = "-Onone";
			};
			name = Debug;
		};
		828AACBF2A5659F800E823BF /* Release */ = {
			isa = XCBuildConfiguration;
			buildSettings = {
				ALWAYS_SEARCH_USER_PATHS = NO;
				CLANG_ANALYZER_NONNULL = YES;
				CLANG_ANALYZER_NUMBER_OBJECT_CONVERSION = YES_AGGRESSIVE;
				CLANG_CXX_LANGUAGE_STANDARD = "gnu++20";
				CLANG_ENABLE_MODULES = YES;
				CLANG_ENABLE_OBJC_ARC = YES;
				CLANG_ENABLE_OBJC_WEAK = YES;
				CLANG_WARN_BLOCK_CAPTURE_AUTORELEASING = YES;
				CLANG_WARN_BOOL_CONVERSION = YES;
				CLANG_WARN_COMMA = YES;
				CLANG_WARN_CONSTANT_CONVERSION = YES;
				CLANG_WARN_DEPRECATED_OBJC_IMPLEMENTATIONS = YES;
				CLANG_WARN_DIRECT_OBJC_ISA_USAGE = YES_ERROR;
				CLANG_WARN_DOCUMENTATION_COMMENTS = YES;
				CLANG_WARN_EMPTY_BODY = YES;
				CLANG_WARN_ENUM_CONVERSION = YES;
				CLANG_WARN_INFINITE_RECURSION = YES;
				CLANG_WARN_INT_CONVERSION = YES;
				CLANG_WARN_NON_LITERAL_NULL_CONVERSION = YES;
				CLANG_WARN_OBJC_IMPLICIT_RETAIN_SELF = YES;
				CLANG_WARN_OBJC_LITERAL_CONVERSION = YES;
				CLANG_WARN_OBJC_ROOT_CLASS = YES_ERROR;
				CLANG_WARN_QUOTED_INCLUDE_IN_FRAMEWORK_HEADER = YES;
				CLANG_WARN_RANGE_LOOP_ANALYSIS = YES;
				CLANG_WARN_STRICT_PROTOTYPES = YES;
				CLANG_WARN_SUSPICIOUS_MOVE = YES;
				CLANG_WARN_UNGUARDED_AVAILABILITY = YES_AGGRESSIVE;
				CLANG_WARN_UNREACHABLE_CODE = YES;
				CLANG_WARN__DUPLICATE_METHOD_MATCH = YES;
				COPY_PHASE_STRIP = NO;
				DEBUG_INFORMATION_FORMAT = "dwarf-with-dsym";
				ENABLE_NS_ASSERTIONS = NO;
				ENABLE_STRICT_OBJC_MSGSEND = YES;
				GCC_C_LANGUAGE_STANDARD = gnu11;
				GCC_NO_COMMON_BLOCKS = YES;
				GCC_WARN_64_TO_32_BIT_CONVERSION = YES;
				GCC_WARN_ABOUT_RETURN_TYPE = YES_ERROR;
				GCC_WARN_UNDECLARED_SELECTOR = YES;
				GCC_WARN_UNINITIALIZED_AUTOS = YES_AGGRESSIVE;
				GCC_WARN_UNUSED_FUNCTION = YES;
				GCC_WARN_UNUSED_VARIABLE = YES;
				IPHONEOS_DEPLOYMENT_TARGET = 16.4;
				MTL_ENABLE_DEBUG_INFO = NO;
				MTL_FAST_MATH = YES;
				SDKROOT = iphoneos;
				SWIFT_COMPILATION_MODE = wholemodule;
				SWIFT_OPTIMIZATION_LEVEL = "-O";
				VALIDATE_PRODUCT = YES;
			};
			name = Release;
		};
		828AACC12A5659F800E823BF /* Debug */ = {
			isa = XCBuildConfiguration;
			buildSettings = {
				ASSETCATALOG_COMPILER_APPICON_NAME = AppIcon;
				ASSETCATALOG_COMPILER_GLOBAL_ACCENT_COLOR_NAME = AccentColor;
				CODE_SIGN_STYLE = Automatic;
				CURRENT_PROJECT_VERSION = 1;
				DEVELOPMENT_TEAM = 977C44PQHL;
				GENERATE_INFOPLIST_FILE = YES;
				INFOPLIST_FILE = picker_view/Info.plist;
				INFOPLIST_KEY_UIApplicationSupportsIndirectInputEvents = YES;
				INFOPLIST_KEY_UILaunchStoryboardName = LaunchScreen;
				INFOPLIST_KEY_UIMainStoryboardFile = Main;
				INFOPLIST_KEY_UISupportedInterfaceOrientations_iPad = "UIInterfaceOrientationPortrait UIInterfaceOrientationPortraitUpsideDown UIInterfaceOrientationLandscapeLeft UIInterfaceOrientationLandscapeRight";
				INFOPLIST_KEY_UISupportedInterfaceOrientations_iPhone = "UIInterfaceOrientationPortrait UIInterfaceOrientationLandscapeLeft UIInterfaceOrientationLandscapeRight";
				LD_RUNPATH_SEARCH_PATHS = (
					"$(inherited)",
					"@executable_path/Frameworks",
				);
				MARKETING_VERSION = 1.0;
				PRODUCT_BUNDLE_IDENTIFIER = "tydevelopers.com.picker-view";
				PRODUCT_NAME = "$(TARGET_NAME)";
				SWIFT_EMIT_LOC_STRINGS = YES;
				SWIFT_VERSION = 5.0;
				TARGETED_DEVICE_FAMILY = "1,2";
			};
			name = Debug;
		};
		828AACC22A5659F800E823BF /* Release */ = {
			isa = XCBuildConfiguration;
			buildSettings = {
				ASSETCATALOG_COMPILER_APPICON_NAME = AppIcon;
				ASSETCATALOG_COMPILER_GLOBAL_ACCENT_COLOR_NAME = AccentColor;
				CODE_SIGN_STYLE = Automatic;
				CURRENT_PROJECT_VERSION = 1;
				DEVELOPMENT_TEAM = 977C44PQHL;
				GENERATE_INFOPLIST_FILE = YES;
				INFOPLIST_FILE = picker_view/Info.plist;
				INFOPLIST_KEY_UIApplicationSupportsIndirectInputEvents = YES;
				INFOPLIST_KEY_UILaunchStoryboardName = LaunchScreen;
				INFOPLIST_KEY_UIMainStoryboardFile = Main;
				INFOPLIST_KEY_UISupportedInterfaceOrientations_iPad = "UIInterfaceOrientationPortrait UIInterfaceOrientationPortraitUpsideDown UIInterfaceOrientationLandscapeLeft UIInterfaceOrientationLandscapeRight";
				INFOPLIST_KEY_UISupportedInterfaceOrientations_iPhone = "UIInterfaceOrientationPortrait UIInterfaceOrientationLandscapeLeft UIInterfaceOrientationLandscapeRight";
				LD_RUNPATH_SEARCH_PATHS = (
					"$(inherited)",
					"@executable_path/Frameworks",
				);
				MARKETING_VERSION = 1.0;
				PRODUCT_BUNDLE_IDENTIFIER = "tydevelopers.com.picker-view";
				PRODUCT_NAME = "$(TARGET_NAME)";
				SWIFT_EMIT_LOC_STRINGS = YES;
				SWIFT_VERSION = 5.0;
				TARGETED_DEVICE_FAMILY = "1,2";
			};
			name = Release;
		};
		828AACC42A5659F800E823BF /* Debug */ = {
			isa = XCBuildConfiguration;
			buildSettings = {
				ALWAYS_EMBED_SWIFT_STANDARD_LIBRARIES = YES;
				BUNDLE_LOADER = "$(TEST_HOST)";
				CODE_SIGN_STYLE = Automatic;
				CURRENT_PROJECT_VERSION = 1;
				DEVELOPMENT_TEAM = 977C44PQHL;
				GENERATE_INFOPLIST_FILE = YES;
				IPHONEOS_DEPLOYMENT_TARGET = 16.4;
				MARKETING_VERSION = 1.0;
				PRODUCT_BUNDLE_IDENTIFIER = "tydevelopers.com.picker-viewTests";
				PRODUCT_NAME = "$(TARGET_NAME)";
				SWIFT_EMIT_LOC_STRINGS = NO;
				SWIFT_VERSION = 5.0;
				TARGETED_DEVICE_FAMILY = "1,2";
				TEST_HOST = "$(BUILT_PRODUCTS_DIR)/picker_view.app/$(BUNDLE_EXECUTABLE_FOLDER_PATH)/picker_view";
			};
			name = Debug;
		};
		828AACC52A5659F800E823BF /* Release */ = {
			isa = XCBuildConfiguration;
			buildSettings = {
				ALWAYS_EMBED_SWIFT_STANDARD_LIBRARIES = YES;
				BUNDLE_LOADER = "$(TEST_HOST)";
				CODE_SIGN_STYLE = Automatic;
				CURRENT_PROJECT_VERSION = 1;
				DEVELOPMENT_TEAM = 977C44PQHL;
				GENERATE_INFOPLIST_FILE = YES;
				IPHONEOS_DEPLOYMENT_TARGET = 16.4;
				MARKETING_VERSION = 1.0;
				PRODUCT_BUNDLE_IDENTIFIER = "tydevelopers.com.picker-viewTests";
				PRODUCT_NAME = "$(TARGET_NAME)";
				SWIFT_EMIT_LOC_STRINGS = NO;
				SWIFT_VERSION = 5.0;
				TARGETED_DEVICE_FAMILY = "1,2";
				TEST_HOST = "$(BUILT_PRODUCTS_DIR)/picker_view.app/$(BUNDLE_EXECUTABLE_FOLDER_PATH)/picker_view";
			};
			name = Release;
		};
		828AACC72A5659F800E823BF /* Debug */ = {
			isa = XCBuildConfiguration;
			buildSettings = {
				ALWAYS_EMBED_SWIFT_STANDARD_LIBRARIES = YES;
				CODE_SIGN_STYLE = Automatic;
				CURRENT_PROJECT_VERSION = 1;
				DEVELOPMENT_TEAM = 977C44PQHL;
				GENERATE_INFOPLIST_FILE = YES;
				MARKETING_VERSION = 1.0;
				PRODUCT_BUNDLE_IDENTIFIER = "tydevelopers.com.picker-viewUITests";
				PRODUCT_NAME = "$(TARGET_NAME)";
				SWIFT_EMIT_LOC_STRINGS = NO;
				SWIFT_VERSION = 5.0;
				TARGETED_DEVICE_FAMILY = "1,2";
				TEST_TARGET_NAME = picker_view;
			};
			name = Debug;
		};
		828AACC82A5659F800E823BF /* Release */ = {
			isa = XCBuildConfiguration;
			buildSettings = {
				ALWAYS_EMBED_SWIFT_STANDARD_LIBRARIES = YES;
				CODE_SIGN_STYLE = Automatic;
				CURRENT_PROJECT_VERSION = 1;
				DEVELOPMENT_TEAM = 977C44PQHL;
				GENERATE_INFOPLIST_FILE = YES;
				MARKETING_VERSION = 1.0;
				PRODUCT_BUNDLE_IDENTIFIER = "tydevelopers.com.picker-viewUITests";
				PRODUCT_NAME = "$(TARGET_NAME)";
				SWIFT_EMIT_LOC_STRINGS = NO;
				SWIFT_VERSION = 5.0;
				TARGETED_DEVICE_FAMILY = "1,2";
				TEST_TARGET_NAME = picker_view;
			};
			name = Release;
		};
/* End XCBuildConfiguration section */

/* Begin XCConfigurationList section */
		828AAC912A5659F800E823BF /* Build configuration list for PBXProject "picker_view" */ = {
			isa = XCConfigurationList;
			buildConfigurations = (
				828AACBE2A5659F800E823BF /* Debug */,
				828AACBF2A5659F800E823BF /* Release */,
			);
			defaultConfigurationIsVisible = 0;
			defaultConfigurationName = Release;
		};
		828AACC02A5659F800E823BF /* Build configuration list for PBXNativeTarget "picker_view" */ = {
			isa = XCConfigurationList;
			buildConfigurations = (
				828AACC12A5659F800E823BF /* Debug */,
				828AACC22A5659F800E823BF /* Release */,
			);
			defaultConfigurationIsVisible = 0;
			defaultConfigurationName = Release;
		};
		828AACC32A5659F800E823BF /* Build configuration list for PBXNativeTarget "picker_viewTests" */ = {
			isa = XCConfigurationList;
			buildConfigurations = (
				828AACC42A5659F800E823BF /* Debug */,
				828AACC52A5659F800E823BF /* Release */,
			);
			defaultConfigurationIsVisible = 0;
			defaultConfigurationName = Release;
		};
		828AACC62A5659F800E823BF /* Build configuration list for PBXNativeTarget "picker_viewUITests" */ = {
			isa = XCConfigurationList;
			buildConfigurations = (
				828AACC72A5659F800E823BF /* Debug */,
				828AACC82A5659F800E823BF /* Release */,
			);
			defaultConfigurationIsVisible = 0;
			defaultConfigurationName = Release;
		};
/* End XCConfigurationList section */
	};
	rootObject = 828AAC8E2A5659F800E823BF /* Project object */;
}
